Microsoft Visual Studio Solution File, Format Version 12.00
# Visual Studio Version 17
VisualStudioVersion = 17.13.35931.197
MinimumVisualStudioVersion = 10.0.40219.1
Project("{FAE04EC0-301F-11D3-BF4B-00C04F79EFBC}") = "ProtoCache", "ProtoCache\ProtoCache.csproj", "{F93EB13A-92ED-4C00-92D0-C60F4E460ED0}"
EndProject
Project("{FAE04EC0-301F-11D3-BF4B-00C04F79EFBC}") = "ProtoCache.Tests", "ProtoCache.Tests\ProtoCache.Tests.csproj", "{6BD19117-4E31-4D5B-8786-59BB2E559778}"
EndProject
Global
	GlobalSection(SolutionConfigurationPlatforms) = preSolution
		Debug|Any CPU = Debug|Any CPU
		Release|Any CPU = Release|Any CPU
	EndGlobalSection
	GlobalSection(ProjectConfigurationPlatforms) = postSolution
		{F93EB13A-92ED-4C00-92D0-C60F4E460ED0}.Debug|Any CPU.ActiveCfg = Debug|Any CPU
		{F93EB13A-92ED-4C00-92D0-C60F4E460ED0}.Debug|Any CPU.Build.0 = Debug|Any CPU
		{F93EB13A-92ED-4C00-92D0-C60F4E460ED0}.Release|Any CPU.ActiveCfg = Release|Any CPU
		{F93EB13A-92ED-4C00-92D0-C60F4E460ED0}.Release|Any CPU.Build.0 = Release|Any CPU
		{6BD19117-4E31-4D5B-8786-59BB2E559778}.Debug|Any CPU.ActiveCfg = Debug|Any CPU
		{6BD19117-4E31-4D5B-8786-59BB2E559778}.Debug|Any CPU.Build.0 = Debug|Any CPU
		{6BD19117-4E31-4D5B-8786-59BB2E559778}.Release|Any CPU.ActiveCfg = Release|Any CPU
		{6BD19117-4E31-4D5B-8786-59BB2E559778}.Release|Any CPU.Build.0 = Release|Any CPU
	EndGlobalSection
	GlobalSection(SolutionProperties) = preSolution
		HideSolutionNode = FALSE
	EndGlobalSection
	GlobalSection(ExtensibilityGlobals) = postSolution
		SolutionGuid = {C15345CA-05FC-476C-9E6C-8A85AACEFF16}
	EndGlobalSection
EndGlobal
